
Microsoft Visual Studio Solution File, Format Version 12.00
# Visual Studio Version 17
Project("{8BC9CEB8-8B4A-11D0-8D11-00A0C91BC942}") = "ALL_BUILD", "ALL_BUILD.vcxproj", "{8CE3ED2F-CCEC-3CA6-9530-882151634B3E}"
	ProjectSection(ProjectDependencies) = postProject
		{18F56377-69B4-3399-8F44-B4193563C885} = {18F56377-69B4-3399-8F44-B4193563C885}
		{CF58A054-B8AD-3D0D-80C2-D3062E7459BC} = {CF58A054-B8AD-3D0D-80C2-D3062E7459BC}
		{F207553E-D5FF-311E-AA13-B03387AC37A8} = {F207553E-D5FF-311E-AA13-B03387AC37A8}
		{816E6F55-7B2D-3E89-A358-671B1AF18E21} = {816E6F55-7B2D-3E89-A358-671B1AF18E21}
		{268C4826-CA1C-37A3-BE48-253616831B6B} = {268C4826-CA1C-37A3-BE48-253616831B6B}
		{50725E7C-0757-327C-B4D3-3CFC71F5D6D4} = {50725E7C-0757-327C-B4D3-3CFC71F5D6D4}
		{03650BC5-8485-3250-98B2-DFF3E508B7D4} = {03650BC5-8485-3250-98B2-DFF3E508B7D4}
		{C21C2D9B-75E2-3C16-BCC2-3918D58BF0BB} = {C21C2D9B-75E2-3C16-BCC2-3918D58BF0BB}
		{CBEFB1BB-DFF2-3253-9509-A21CAAB8A746} = {CBEFB1BB-DFF2-3253-9509-A21CAAB8A746}
		{CADD12B8-0D79-3913-8F93-77915A1E43DC} = {CADD12B8-0D79-3913-8F93-77915A1E43DC}
		{1CC9C175-7C3F-366E-AF58-79CDF498FFB7} = {1CC9C175-7C3F-366E-AF58-79CDF498FFB7}
		{19947837-79B5-3AF1-8687-4ED73270B44E} = {19947837-79B5-3AF1-8687-4ED73270B44E}
		{2D15DE8B-515E-37FD-94FE-B8010CCA6A1B} = {2D15DE8B-515E-37FD-94FE-B8010CCA6A1B}
		{0C733F28-7AD6-36DC-B4CD-89826ACDE7A5} = {0C733F28-7AD6-36DC-B4CD-89826ACDE7A5}
		{57C29C99-BE97-334F-AE77-B285D1C62B11} = {57C29C99-BE97-334F-AE77-B285D1C62B11}
		{43CA7F67-F81C-3756-BCA3-E063477CD9B4} = {43CA7F67-F81C-3756-BCA3-E063477CD9B4}
		{A8E4CE06-B283-381F-8050-806D4F8C8690} = {A8E4CE06-B283-381F-8050-806D4F8C8690}
		{AF908656-2A13-37E2-BB63-48B5C2A52013} = {AF908656-2A13-37E2-BB63-48B5C2A52013}
		{CEBF609F-3282-3877-8B79-B6C635402377} = {CEBF609F-3282-3877-8B79-B6C635402377}
		{001F0275-B435-305F-9AEA-F18983C3A54C} = {001F0275-B435-305F-9AEA-F18983C3A54C}
		{F9061101-93B0-34DD-A19C-06F1F5A5BE41} = {F9061101-93B0-34DD-A19C-06F1F5A5BE41}
		{84C6BB61-F30C-319B-88EA-76270D47443B} = {84C6BB61-F30C-319B-88EA-76270D47443B}
		{EB2F8F97-DBF0-3676-A651-D7E9299C58AA} = {EB2F8F97-DBF0-3676-A651-D7E9299C58AA}
	EndProjectSection
EndProject
Project("{8BC9CEB8-8B4A-11D0-8D11-00A0C91BC942}") = "CommunicationModel", "CommunicationModel.vcxproj", "{18F56377-69B4-3399-8F44-B4193563C885}"
	ProjectSection(ProjectDependencies) = postProject
		{CF58A054-B8AD-3D0D-80C2-D3062E7459BC} = {CF58A054-B8AD-3D0D-80C2-D3062E7459BC}
	EndProjectSection
EndProject
Project("{8BC9CEB8-8B4A-11D0-8D11-00A0C91BC942}") = "INSTALL", "INSTALL.vcxproj", "{9F295E72-2413-3D39-AE47-660D376D7CB1}"
	ProjectSection(ProjectDependencies) = postProject
		{8CE3ED2F-CCEC-3CA6-9530-882151634B3E} = {8CE3ED2F-CCEC-3CA6-9530-882151634B3E}
		{CF58A054-B8AD-3D0D-80C2-D3062E7459BC} = {CF58A054-B8AD-3D0D-80C2-D3062E7459BC}
	EndProjectSection
EndProject
Project("{8BC9CEB8-8B4A-11D0-8D11-00A0C91BC942}") = "RUN_TESTS", "RUN_TESTS.vcxproj", "{0AF11AD8-E1F5-3A1B-A92C-79D9CA4255D5}"
	ProjectSection(ProjectDependencies) = postProject
		{CF58A054-B8AD-3D0D-80C2-D3062E7459BC} = {CF58A054-B8AD-3D0D-80C2-D3062E7459BC}
	EndProjectSection
EndProject
Project("{8BC9CEB8-8B4A-11D0-8D11-00A0C91BC942}") = "ZERO_CHECK", "ZERO_CHECK.vcxproj", "{CF58A054-B8AD-3D0D-80C2-D3062E7459BC}"
	ProjectSection(ProjectDependencies) = postProject
	EndProjectSection
EndProject
Project("{8BC9CEB8-8B4A-11D0-8D11-00A0C91BC942}") = "basic_usage_example", "examples\basic_usage_example.vcxproj", "{F207553E-D5FF-311E-AA13-B03387AC37A8}"
	ProjectSection(ProjectDependencies) = postProject
		{18F56377-69B4-3399-8F44-B4193563C885} = {18F56377-69B4-3399-8F44-B4193563C885}
		{CF58A054-B8AD-3D0D-80C2-D3062E7459BC} = {CF58A054-B8AD-3D0D-80C2-D3062E7459BC}
	EndProjectSection
EndProject
Project("{8BC9CEB8-8B4A-11D0-8D11-00A0C91BC942}") = "environment_config_example", "examples\environment_config_example.vcxproj", "{816E6F55-7B2D-3E89-A358-671B1AF18E21}"
	ProjectSection(ProjectDependencies) = postProject
		{18F56377-69B4-3399-8F44-B4193563C885} = {18F56377-69B4-3399-8F44-B4193563C885}
		{CF58A054-B8AD-3D0D-80C2-D3062E7459BC} = {CF58A054-B8AD-3D0D-80C2-D3062E7459BC}
	EndProjectSection
EndProject
Project("{8BC9CEB8-8B4A-11D0-8D11-00A0C91BC942}") = "gmock", "_deps\googletest-build\googlemock\gmock.vcxproj", "{268C4826-CA1C-37A3-BE48-253616831B6B}"
	ProjectSection(ProjectDependencies) = postProject
		{CF58A054-B8AD-3D0D-80C2-D3062E7459BC} = {CF58A054-B8AD-3D0D-80C2-D3062E7459BC}
	EndProjectSection
EndProject
Project("{8BC9CEB8-8B4A-11D0-8D11-00A0C91BC942}") = "gmock_main", "_deps\googletest-build\googlemock\gmock_main.vcxproj", "{50725E7C-0757-327C-B4D3-3CFC71F5D6D4}"
	ProjectSection(ProjectDependencies) = postProject
		{CF58A054-B8AD-3D0D-80C2-D3062E7459BC} = {CF58A054-B8AD-3D0D-80C2-D3062E7459BC}
	EndProjectSection
EndProject
Project("{8BC9CEB8-8B4A-11D0-8D11-00A0C91BC942}") = "gtest", "_deps\googletest-build\googletest\gtest.vcxproj", "{03650BC5-8485-3250-98B2-DFF3E508B7D4}"
	ProjectSection(ProjectDependencies) = postProject
		{CF58A054-B8AD-3D0D-80C2-D3062E7459BC} = {CF58A054-B8AD-3D0D-80C2-D3062E7459BC}
	EndProjectSection
EndProject
Project("{8BC9CEB8-8B4A-11D0-8D11-00A0C91BC942}") = "gtest_main", "_deps\googletest-build\googletest\gtest_main.vcxproj", "{C21C2D9B-75E2-3C16-BCC2-3918D58BF0BB}"
	ProjectSection(ProjectDependencies) = postProject
		{CF58A054-B8AD-3D0D-80C2-D3062E7459BC} = {CF58A054-B8AD-3D0D-80C2-D3062E7459BC}
		{03650BC5-8485-3250-98B2-DFF3E508B7D4} = {03650BC5-8485-3250-98B2-DFF3E508B7D4}
	EndProjectSection
EndProject
Project("{8BC9CEB8-8B4A-11D0-8D11-00A0C91BC942}") = "run_all_tests", "tests\run_all_tests.vcxproj", "{0A67509B-7A73-3989-A5FB-2819BBE73346}"
	ProjectSection(ProjectDependencies) = postProject
		{CF58A054-B8AD-3D0D-80C2-D3062E7459BC} = {CF58A054-B8AD-3D0D-80C2-D3062E7459BC}
		{CADD12B8-0D79-3913-8F93-77915A1E43DC} = {CADD12B8-0D79-3913-8F93-77915A1E43DC}
		{1CC9C175-7C3F-366E-AF58-79CDF498FFB7} = {1CC9C175-7C3F-366E-AF58-79CDF498FFB7}
		{19947837-79B5-3AF1-8687-4ED73270B44E} = {19947837-79B5-3AF1-8687-4ED73270B44E}
		{2D15DE8B-515E-37FD-94FE-B8010CCA6A1B} = {2D15DE8B-515E-37FD-94FE-B8010CCA6A1B}
		{0C733F28-7AD6-36DC-B4CD-89826ACDE7A5} = {0C733F28-7AD6-36DC-B4CD-89826ACDE7A5}
		{57C29C99-BE97-334F-AE77-B285D1C62B11} = {57C29C99-BE97-334F-AE77-B285D1C62B11}
		{43CA7F67-F81C-3756-BCA3-E063477CD9B4} = {43CA7F67-F81C-3756-BCA3-E063477CD9B4}
		{A8E4CE06-B283-381F-8050-806D4F8C8690} = {A8E4CE06-B283-381F-8050-806D4F8C8690}
		{AF908656-2A13-37E2-BB63-48B5C2A52013} = {AF908656-2A13-37E2-BB63-48B5C2A52013}
		{CEBF609F-3282-3877-8B79-B6C635402377} = {CEBF609F-3282-3877-8B79-B6C635402377}
		{001F0275-B435-305F-9AEA-F18983C3A54C} = {001F0275-B435-305F-9AEA-F18983C3A54C}
		{F9061101-93B0-34DD-A19C-06F1F5A5BE41} = {F9061101-93B0-34DD-A19C-06F1F5A5BE41}
		{84C6BB61-F30C-319B-88EA-76270D47443B} = {84C6BB61-F30C-319B-88EA-76270D47443B}
		{EB2F8F97-DBF0-3676-A651-D7E9299C58AA} = {EB2F8F97-DBF0-3676-A651-D7E9299C58AA}
	EndProjectSection
EndProject
Project("{8BC9CEB8-8B4A-11D0-8D11-00A0C91BC942}") = "run_config_tests", "tests\run_config_tests.vcxproj", "{1E3A5492-F5DB-3330-BA40-29AB1AA1C175}"
	ProjectSection(ProjectDependencies) = postProject
		{CF58A054-B8AD-3D0D-80C2-D3062E7459BC} = {CF58A054-B8AD-3D0D-80C2-D3062E7459BC}
		{1CC9C175-7C3F-366E-AF58-79CDF498FFB7} = {1CC9C175-7C3F-366E-AF58-79CDF498FFB7}
		{001F0275-B435-305F-9AEA-F18983C3A54C} = {001F0275-B435-305F-9AEA-F18983C3A54C}
		{84C6BB61-F30C-319B-88EA-76270D47443B} = {84C6BB61-F30C-319B-88EA-76270D47443B}
	EndProjectSection
EndProject
Project("{8BC9CEB8-8B4A-11D0-8D11-00A0C91BC942}") = "run_examples", "examples\run_examples.vcxproj", "{10E13321-DE4A-3CA1-912F-293845049C99}"
	ProjectSection(ProjectDependencies) = postProject
		{CF58A054-B8AD-3D0D-80C2-D3062E7459BC} = {CF58A054-B8AD-3D0D-80C2-D3062E7459BC}
		{F207553E-D5FF-311E-AA13-B03387AC37A8} = {F207553E-D5FF-311E-AA13-B03387AC37A8}
		{816E6F55-7B2D-3E89-A358-671B1AF18E21} = {816E6F55-7B2D-3E89-A358-671B1AF18E21}
	EndProjectSection
EndProject
Project("{8BC9CEB8-8B4A-11D0-8D11-00A0C91BC942}") = "run_integration_tests", "tests\run_integration_tests.vcxproj", "{1D39E6C7-E018-3D42-B7C4-6DF7DDF7C909}"
	ProjectSection(ProjectDependencies) = postProject
		{CF58A054-B8AD-3D0D-80C2-D3062E7459BC} = {CF58A054-B8AD-3D0D-80C2-D3062E7459BC}
		{A8E4CE06-B283-381F-8050-806D4F8C8690} = {A8E4CE06-B283-381F-8050-806D4F8C8690}
		{AF908656-2A13-37E2-BB63-48B5C2A52013} = {AF908656-2A13-37E2-BB63-48B5C2A52013}
		{CEBF609F-3282-3877-8B79-B6C635402377} = {CEBF609F-3282-3877-8B79-B6C635402377}
		{F9061101-93B0-34DD-A19C-06F1F5A5BE41} = {F9061101-93B0-34DD-A19C-06F1F5A5BE41}
	EndProjectSection
EndProject
Project("{8BC9CEB8-8B4A-11D0-8D11-00A0C91BC942}") = "run_migration_tests", "tests\run_migration_tests.vcxproj", "{06192B7E-D602-3359-8044-E7DB434662FD}"
	ProjectSection(ProjectDependencies) = postProject
		{CF58A054-B8AD-3D0D-80C2-D3062E7459BC} = {CF58A054-B8AD-3D0D-80C2-D3062E7459BC}
		{A8E4CE06-B283-381F-8050-806D4F8C8690} = {A8E4CE06-B283-381F-8050-806D4F8C8690}
		{F9061101-93B0-34DD-A19C-06F1F5A5BE41} = {F9061101-93B0-34DD-A19C-06F1F5A5BE41}
	EndProjectSection
EndProject
Project("{8BC9CEB8-8B4A-11D0-8D11-00A0C91BC942}") = "run_unit_tests", "tests\run_unit_tests.vcxproj", "{98D46458-39FD-3337-84AF-DF0A986D8370}"
	ProjectSection(ProjectDependencies) = postProject
		{CF58A054-B8AD-3D0D-80C2-D3062E7459BC} = {CF58A054-B8AD-3D0D-80C2-D3062E7459BC}
		{CADD12B8-0D79-3913-8F93-77915A1E43DC} = {CADD12B8-0D79-3913-8F93-77915A1E43DC}
		{1CC9C175-7C3F-366E-AF58-79CDF498FFB7} = {1CC9C175-7C3F-366E-AF58-79CDF498FFB7}
		{19947837-79B5-3AF1-8687-4ED73270B44E} = {19947837-79B5-3AF1-8687-4ED73270B44E}
		{2D15DE8B-515E-37FD-94FE-B8010CCA6A1B} = {2D15DE8B-515E-37FD-94FE-B8010CCA6A1B}
		{0C733F28-7AD6-36DC-B4CD-89826ACDE7A5} = {0C733F28-7AD6-36DC-B4CD-89826ACDE7A5}
		{57C29C99-BE97-334F-AE77-B285D1C62B11} = {57C29C99-BE97-334F-AE77-B285D1C62B11}
		{43CA7F67-F81C-3756-BCA3-E063477CD9B4} = {43CA7F67-F81C-3756-BCA3-E063477CD9B4}
		{001F0275-B435-305F-9AEA-F18983C3A54C} = {001F0275-B435-305F-9AEA-F18983C3A54C}
		{84C6BB61-F30C-319B-88EA-76270D47443B} = {84C6BB61-F30C-319B-88EA-76270D47443B}
		{EB2F8F97-DBF0-3676-A651-D7E9299C58AA} = {EB2F8F97-DBF0-3676-A651-D7E9299C58AA}
	EndProjectSection
EndProject
Project("{8BC9CEB8-8B4A-11D0-8D11-00A0C91BC942}") = "simple_environment_config_example", "examples\simple_environment_config_example.vcxproj", "{CBEFB1BB-DFF2-3253-9509-A21CAAB8A746}"
	ProjectSection(ProjectDependencies) = postProject
		{18F56377-69B4-3399-8F44-B4193563C885} = {18F56377-69B4-3399-8F44-B4193563C885}
		{CF58A054-B8AD-3D0D-80C2-D3062E7459BC} = {CF58A054-B8AD-3D0D-80C2-D3062E7459BC}
	EndProjectSection
EndProject
Project("{8BC9CEB8-8B4A-11D0-8D11-00A0C91BC942}") = "simple_receive_test", "tests\simple_receive_test.vcxproj", "{CADD12B8-0D79-3913-8F93-77915A1E43DC}"
	ProjectSection(ProjectDependencies) = postProject
		{18F56377-69B4-3399-8F44-B4193563C885} = {18F56377-69B4-3399-8F44-B4193563C885}
		{CF58A054-B8AD-3D0D-80C2-D3062E7459BC} = {CF58A054-B8AD-3D0D-80C2-D3062E7459BC}
		{03650BC5-8485-3250-98B2-DFF3E508B7D4} = {03650BC5-8485-3250-98B2-DFF3E508B7D4}
		{C21C2D9B-75E2-3C16-BCC2-3918D58BF0BB} = {C21C2D9B-75E2-3C16-BCC2-3918D58BF0BB}
	EndProjectSection
EndProject
Project("{8BC9CEB8-8B4A-11D0-8D11-00A0C91BC942}") = "test_anti_jam_parameter_config", "tests\test_anti_jam_parameter_config.vcxproj", "{1CC9C175-7C3F-366E-AF58-79CDF498FFB7}"
	ProjectSection(ProjectDependencies) = postProject
		{18F56377-69B4-3399-8F44-B4193563C885} = {18F56377-69B4-3399-8F44-B4193563C885}
		{CF58A054-B8AD-3D0D-80C2-D3062E7459BC} = {CF58A054-B8AD-3D0D-80C2-D3062E7459BC}
		{03650BC5-8485-3250-98B2-DFF3E508B7D4} = {03650BC5-8485-3250-98B2-DFF3E508B7D4}
		{C21C2D9B-75E2-3C16-BCC2-3918D58BF0BB} = {C21C2D9B-75E2-3C16-BCC2-3918D58BF0BB}
	EndProjectSection
EndProject
Project("{8BC9CEB8-8B4A-11D0-8D11-00A0C91BC942}") = "test_communication_anti_jam", "tests\test_communication_anti_jam.vcxproj", "{19947837-79B5-3AF1-8687-4ED73270B44E}"
	ProjectSection(ProjectDependencies) = postProject
		{18F56377-69B4-3399-8F44-B4193563C885} = {18F56377-69B4-3399-8F44-B4193563C885}
		{CF58A054-B8AD-3D0D-80C2-D3062E7459BC} = {CF58A054-B8AD-3D0D-80C2-D3062E7459BC}
		{03650BC5-8485-3250-98B2-DFF3E508B7D4} = {03650BC5-8485-3250-98B2-DFF3E508B7D4}
		{C21C2D9B-75E2-3C16-BCC2-3918D58BF0BB} = {C21C2D9B-75E2-3C16-BCC2-3918D58BF0BB}
	EndProjectSection
EndProject
Project("{8BC9CEB8-8B4A-11D0-8D11-00A0C91BC942}") = "test_communication_distance", "tests\test_communication_distance.vcxproj", "{2D15DE8B-515E-37FD-94FE-B8010CCA6A1B}"
	ProjectSection(ProjectDependencies) = postProject
		{18F56377-69B4-3399-8F44-B4193563C885} = {18F56377-69B4-3399-8F44-B4193563C885}
		{CF58A054-B8AD-3D0D-80C2-D3062E7459BC} = {CF58A054-B8AD-3D0D-80C2-D3062E7459BC}
		{03650BC5-8485-3250-98B2-DFF3E508B7D4} = {03650BC5-8485-3250-98B2-DFF3E508B7D4}
		{C21C2D9B-75E2-3C16-BCC2-3918D58BF0BB} = {C21C2D9B-75E2-3C16-BCC2-3918D58BF0BB}
	EndProjectSection
EndProject
Project("{8BC9CEB8-8B4A-11D0-8D11-00A0C91BC942}") = "test_communication_jammer", "tests\test_communication_jammer.vcxproj", "{0C733F28-7AD6-36DC-B4CD-89826ACDE7A5}"
	ProjectSection(ProjectDependencies) = postProject
		{18F56377-69B4-3399-8F44-B4193563C885} = {18F56377-69B4-3399-8F44-B4193563C885}
		{CF58A054-B8AD-3D0D-80C2-D3062E7459BC} = {CF58A054-B8AD-3D0D-80C2-D3062E7459BC}
		{03650BC5-8485-3250-98B2-DFF3E508B7D4} = {03650BC5-8485-3250-98B2-DFF3E508B7D4}
		{C21C2D9B-75E2-3C16-BCC2-3918D58BF0BB} = {C21C2D9B-75E2-3C16-BCC2-3918D58BF0BB}
	EndProjectSection
EndProject
Project("{8BC9CEB8-8B4A-11D0-8D11-00A0C91BC942}") = "test_communication_model_api", "tests\test_communication_model_api.vcxproj", "{57C29C99-BE97-334F-AE77-B285D1C62B11}"
	ProjectSection(ProjectDependencies) = postProject
		{18F56377-69B4-3399-8F44-B4193563C885} = {18F56377-69B4-3399-8F44-B4193563C885}
		{CF58A054-B8AD-3D0D-80C2-D3062E7459BC} = {CF58A054-B8AD-3D0D-80C2-D3062E7459BC}
		{03650BC5-8485-3250-98B2-DFF3E508B7D4} = {03650BC5-8485-3250-98B2-DFF3E508B7D4}
		{C21C2D9B-75E2-3C16-BCC2-3918D58BF0BB} = {C21C2D9B-75E2-3C16-BCC2-3918D58BF0BB}
	EndProjectSection
EndProject
Project("{8BC9CEB8-8B4A-11D0-8D11-00A0C91BC942}") = "test_communication_receive", "tests\test_communication_receive.vcxproj", "{43CA7F67-F81C-3756-BCA3-E063477CD9B4}"
	ProjectSection(ProjectDependencies) = postProject
		{18F56377-69B4-3399-8F44-B4193563C885} = {18F56377-69B4-3399-8F44-B4193563C885}
		{CF58A054-B8AD-3D0D-80C2-D3062E7459BC} = {CF58A054-B8AD-3D0D-80C2-D3062E7459BC}
		{03650BC5-8485-3250-98B2-DFF3E508B7D4} = {03650BC5-8485-3250-98B2-DFF3E508B7D4}
		{C21C2D9B-75E2-3C16-BCC2-3918D58BF0BB} = {C21C2D9B-75E2-3C16-BCC2-3918D58BF0BB}
	EndProjectSection
EndProject
Project("{8BC9CEB8-8B4A-11D0-8D11-00A0C91BC942}") = "test_environment_loss_migration", "tests\test_environment_loss_migration.vcxproj", "{A8E4CE06-B283-381F-8050-806D4F8C8690}"
	ProjectSection(ProjectDependencies) = postProject
		{18F56377-69B4-3399-8F44-B4193563C885} = {18F56377-69B4-3399-8F44-B4193563C885}
		{CF58A054-B8AD-3D0D-80C2-D3062E7459BC} = {CF58A054-B8AD-3D0D-80C2-D3062E7459BC}
		{03650BC5-8485-3250-98B2-DFF3E508B7D4} = {03650BC5-8485-3250-98B2-DFF3E508B7D4}
		{C21C2D9B-75E2-3C16-BCC2-3918D58BF0BB} = {C21C2D9B-75E2-3C16-BCC2-3918D58BF0BB}
	EndProjectSection
EndProject
Project("{8BC9CEB8-8B4A-11D0-8D11-00A0C91BC942}") = "test_free_space_path_loss_refactor", "tests\test_free_space_path_loss_refactor.vcxproj", "{AF908656-2A13-37E2-BB63-48B5C2A52013}"
	ProjectSection(ProjectDependencies) = postProject
		{18F56377-69B4-3399-8F44-B4193563C885} = {18F56377-69B4-3399-8F44-B4193563C885}
		{CF58A054-B8AD-3D0D-80C2-D3062E7459BC} = {CF58A054-B8AD-3D0D-80C2-D3062E7459BC}
		{03650BC5-8485-3250-98B2-DFF3E508B7D4} = {03650BC5-8485-3250-98B2-DFF3E508B7D4}
		{C21C2D9B-75E2-3C16-BCC2-3918D58BF0BB} = {C21C2D9B-75E2-3C16-BCC2-3918D58BF0BB}
	EndProjectSection
EndProject
Project("{8BC9CEB8-8B4A-11D0-8D11-00A0C91BC942}") = "test_integration", "tests\test_integration.vcxproj", "{CEBF609F-3282-3877-8B79-B6C635402377}"
	ProjectSection(ProjectDependencies) = postProject
		{18F56377-69B4-3399-8F44-B4193563C885} = {18F56377-69B4-3399-8F44-B4193563C885}
		{CF58A054-B8AD-3D0D-80C2-D3062E7459BC} = {CF58A054-B8AD-3D0D-80C2-D3062E7459BC}
		{03650BC5-8485-3250-98B2-DFF3E508B7D4} = {03650BC5-8485-3250-98B2-DFF3E508B7D4}
		{C21C2D9B-75E2-3C16-BCC2-3918D58BF0BB} = {C21C2D9B-75E2-3C16-BCC2-3918D58BF0BB}
	EndProjectSection
EndProject
Project("{8BC9CEB8-8B4A-11D0-8D11-00A0C91BC942}") = "test_jammer_parameter_config", "tests\test_jammer_parameter_config.vcxproj", "{001F0275-B435-305F-9AEA-F18983C3A54C}"
	ProjectSection(ProjectDependencies) = postProject
		{18F56377-69B4-3399-8F44-B4193563C885} = {18F56377-69B4-3399-8F44-B4193563C885}
		{CF58A054-B8AD-3D0D-80C2-D3062E7459BC} = {CF58A054-B8AD-3D0D-80C2-D3062E7459BC}
		{03650BC5-8485-3250-98B2-DFF3E508B7D4} = {03650BC5-8485-3250-98B2-DFF3E508B7D4}
		{C21C2D9B-75E2-3C16-BCC2-3918D58BF0BB} = {C21C2D9B-75E2-3C16-BCC2-3918D58BF0BB}
	EndProjectSection
EndProject
Project("{8BC9CEB8-8B4A-11D0-8D11-00A0C91BC942}") = "test_path_loss_migration", "tests\test_path_loss_migration.vcxproj", "{F9061101-93B0-34DD-A19C-06F1F5A5BE41}"
	ProjectSection(ProjectDependencies) = postProject
		{18F56377-69B4-3399-8F44-B4193563C885} = {18F56377-69B4-3399-8F44-B4193563C885}
		{CF58A054-B8AD-3D0D-80C2-D3062E7459BC} = {CF58A054-B8AD-3D0D-80C2-D3062E7459BC}
		{03650BC5-8485-3250-98B2-DFF3E508B7D4} = {03650BC5-8485-3250-98B2-DFF3E508B7D4}
		{C21C2D9B-75E2-3C16-BCC2-3918D58BF0BB} = {C21C2D9B-75E2-3C16-BCC2-3918D58BF0BB}
	EndProjectSection
EndProject
Project("{8BC9CEB8-8B4A-11D0-8D11-00A0C91BC942}") = "test_receive_parameter_config", "tests\test_receive_parameter_config.vcxproj", "{84C6BB61-F30C-319B-88EA-76270D47443B}"
	ProjectSection(ProjectDependencies) = postProject
		{18F56377-69B4-3399-8F44-B4193563C885} = {18F56377-69B4-3399-8F44-B4193563C885}
		{CF58A054-B8AD-3D0D-80C2-D3062E7459BC} = {CF58A054-B8AD-3D0D-80C2-D3062E7459BC}
		{03650BC5-8485-3250-98B2-DFF3E508B7D4} = {03650BC5-8485-3250-98B2-DFF3E508B7D4}
		{C21C2D9B-75E2-3C16-BCC2-3918D58BF0BB} = {C21C2D9B-75E2-3C16-BCC2-3918D58BF0BB}
	EndProjectSection
EndProject
Project("{8BC9CEB8-8B4A-11D0-8D11-00A0C91BC942}") = "test_signal_transmission", "tests\test_signal_transmission.vcxproj", "{EB2F8F97-DBF0-3676-A651-D7E9299C58AA}"
	ProjectSection(ProjectDependencies) = postProject
		{18F56377-69B4-3399-8F44-B4193563C885} = {18F56377-69B4-3399-8F44-B4193563C885}
		{CF58A054-B8AD-3D0D-80C2-D3062E7459BC} = {CF58A054-B8AD-3D0D-80C2-D3062E7459BC}
		{03650BC5-8485-3250-98B2-DFF3E508B7D4} = {03650BC5-8485-3250-98B2-DFF3E508B7D4}
		{C21C2D9B-75E2-3C16-BCC2-3918D58BF0BB} = {C21C2D9B-75E2-3C16-BCC2-3918D58BF0BB}
	EndProjectSection
EndProject
Global
	GlobalSection(SolutionConfigurationPlatforms) = preSolution
		Debug|x64 = Debug|x64
		Release|x64 = Release|x64
		MinSizeRel|x64 = MinSizeRel|x64
		RelWithDebInfo|x64 = RelWithDebInfo|x64
	EndGlobalSection
	GlobalSection(ProjectConfigurationPlatforms) = postSolution
		{8CE3ED2F-CCEC-3CA6-9530-882151634B3E}.Debug|x64.ActiveCfg = Debug|x64
		{8CE3ED2F-CCEC-3CA6-9530-882151634B3E}.Debug|x64.Build.0 = Debug|x64
		{8CE3ED2F-CCEC-3CA6-9530-882151634B3E}.Release|x64.ActiveCfg = Release|x64
		{8CE3ED2F-CCEC-3CA6-9530-882151634B3E}.Release|x64.Build.0 = Release|x64
		{8CE3ED2F-CCEC-3CA6-9530-882151634B3E}.MinSizeRel|x64.ActiveCfg = MinSizeRel|x64
		{8CE3ED2F-CCEC-3CA6-9530-882151634B3E}.MinSizeRel|x64.Build.0 = MinSizeRel|x64
		{8CE3ED2F-CCEC-3CA6-9530-882151634B3E}.RelWithDebInfo|x64.ActiveCfg = RelWithDebInfo|x64
		{8CE3ED2F-CCEC-3CA6-9530-882151634B3E}.RelWithDebInfo|x64.Build.0 = RelWithDebInfo|x64
		{18F56377-69B4-3399-8F44-B4193563C885}.Debug|x64.ActiveCfg = Debug|x64
		{18F56377-69B4-3399-8F44-B4193563C885}.Debug|x64.Build.0 = Debug|x64
		{18F56377-69B4-3399-8F44-B4193563C885}.Release|x64.ActiveCfg = Release|x64
		{18F56377-69B4-3399-8F44-B4193563C885}.Release|x64.Build.0 = Release|x64
		{18F56377-69B4-3399-8F44-B4193563C885}.MinSizeRel|x64.ActiveCfg = MinSizeRel|x64
		{18F56377-69B4-3399-8F44-B4193563C885}.MinSizeRel|x64.Build.0 = MinSizeRel|x64
		{18F56377-69B4-3399-8F44-B4193563C885}.RelWithDebInfo|x64.ActiveCfg = RelWithDebInfo|x64
		{18F56377-69B4-3399-8F44-B4193563C885}.RelWithDebInfo|x64.Build.0 = RelWithDebInfo|x64
		{9F295E72-2413-3D39-AE47-660D376D7CB1}.Debug|x64.ActiveCfg = Debug|x64
		{9F295E72-2413-3D39-AE47-660D376D7CB1}.Release|x64.ActiveCfg = Release|x64
		{9F295E72-2413-3D39-AE47-660D376D7CB1}.MinSizeRel|x64.ActiveCfg = MinSizeRel|x64
		{9F295E72-2413-3D39-AE47-660D376D7CB1}.RelWithDebInfo|x64.ActiveCfg = RelWithDebInfo|x64
		{0AF11AD8-E1F5-3A1B-A92C-79D9CA4255D5}.Debug|x64.ActiveCfg = Debug|x64
		{0AF11AD8-E1F5-3A1B-A92C-79D9CA4255D5}.Release|x64.ActiveCfg = Release|x64
		{0AF11AD8-E1F5-3A1B-A92C-79D9CA4255D5}.MinSizeRel|x64.ActiveCfg = MinSizeRel|x64
		{0AF11AD8-E1F5-3A1B-A92C-79D9CA4255D5}.RelWithDebInfo|x64.ActiveCfg = RelWithDebInfo|x64
		{CF58A054-B8AD-3D0D-80C2-D3062E7459BC}.Debug|x64.ActiveCfg = Debug|x64
		{CF58A054-B8AD-3D0D-80C2-D3062E7459BC}.Debug|x64.Build.0 = Debug|x64
		{CF58A054-B8AD-3D0D-80C2-D3062E7459BC}.Release|x64.ActiveCfg = Release|x64
		{CF58A054-B8AD-3D0D-80C2-D3062E7459BC}.Release|x64.Build.0 = Release|x64
		{CF58A054-B8AD-3D0D-80C2-D3062E7459BC}.MinSizeRel|x64.ActiveCfg = MinSizeRel|x64
		{CF58A054-B8AD-3D0D-80C2-D3062E7459BC}.MinSizeRel|x64.Build.0 = MinSizeRel|x64
		{CF58A054-B8AD-3D0D-80C2-D3062E7459BC}.RelWithDebInfo|x64.ActiveCfg = RelWithDebInfo|x64
		{CF58A054-B8AD-3D0D-80C2-D3062E7459BC}.RelWithDebInfo|x64.Build.0 = RelWithDebInfo|x64
		{F207553E-D5FF-311E-AA13-B03387AC37A8}.Debug|x64.ActiveCfg = Debug|x64
		{F207553E-D5FF-311E-AA13-B03387AC37A8}.Debug|x64.Build.0 = Debug|x64
		{F207553E-D5FF-311E-AA13-B03387AC37A8}.Release|x64.ActiveCfg = Release|x64
		{F207553E-D5FF-311E-AA13-B03387AC37A8}.Release|x64.Build.0 = Release|x64
		{F207553E-D5FF-311E-AA13-B03387AC37A8}.MinSizeRel|x64.ActiveCfg = MinSizeRel|x64
		{F207553E-D5FF-311E-AA13-B03387AC37A8}.MinSizeRel|x64.Build.0 = MinSizeRel|x64
		{F207553E-D5FF-311E-AA13-B03387AC37A8}.RelWithDebInfo|x64.ActiveCfg = RelWithDebInfo|x64
		{F207553E-D5FF-311E-AA13-B03387AC37A8}.RelWithDebInfo|x64.Build.0 = RelWithDebInfo|x64
		{816E6F55-7B2D-3E89-A358-671B1AF18E21}.Debug|x64.ActiveCfg = Debug|x64
		{816E6F55-7B2D-3E89-A358-671B1AF18E21}.Debug|x64.Build.0 = Debug|x64
		{816E6F55-7B2D-3E89-A358-671B1AF18E21}.Release|x64.ActiveCfg = Release|x64
		{816E6F55-7B2D-3E89-A358-671B1AF18E21}.Release|x64.Build.0 = Release|x64
		{816E6F55-7B2D-3E89-A358-671B1AF18E21}.MinSizeRel|x64.ActiveCfg = MinSizeRel|x64
		{816E6F55-7B2D-3E89-A358-671B1AF18E21}.MinSizeRel|x64.Build.0 = MinSizeRel|x64
		{816E6F55-7B2D-3E89-A358-671B1AF18E21}.RelWithDebInfo|x64.ActiveCfg = RelWithDebInfo|x64
		{816E6F55-7B2D-3E89-A358-671B1AF18E21}.RelWithDebInfo|x64.Build.0 = RelWithDebInfo|x64
		{268C4826-CA1C-37A3-BE48-253616831B6B}.Debug|x64.ActiveCfg = Debug|x64
		{268C4826-CA1C-37A3-BE48-253616831B6B}.Debug|x64.Build.0 = Debug|x64
		{268C4826-CA1C-37A3-BE48-253616831B6B}.Release|x64.ActiveCfg = Release|x64
		{268C4826-CA1C-37A3-BE48-253616831B6B}.Release|x64.Build.0 = Release|x64
		{268C4826-CA1C-37A3-BE48-253616831B6B}.MinSizeRel|x64.ActiveCfg = MinSizeRel|x64
		{268C4826-CA1C-37A3-BE48-253616831B6B}.MinSizeRel|x64.Build.0 = MinSizeRel|x64
		{268C4826-CA1C-37A3-BE48-253616831B6B}.RelWithDebInfo|x64.ActiveCfg = RelWithDebInfo|x64
		{268C4826-CA1C-37A3-BE48-253616831B6B}.RelWithDebInfo|x64.Build.0 = RelWithDebInfo|x64
		{50725E7C-0757-327C-B4D3-3CFC71F5D6D4}.Debug|x64.ActiveCfg = Debug|x64
		{50725E7C-0757-327C-B4D3-3CFC71F5D6D4}.Debug|x64.Build.0 = Debug|x64
		{50725E7C-0757-327C-B4D3-3CFC71F5D6D4}.Release|x64.ActiveCfg = Release|x64
		{50725E7C-0757-327C-B4D3-3CFC71F5D6D4}.Release|x64.Build.0 = Release|x64
		{50725E7C-0757-327C-B4D3-3CFC71F5D6D4}.MinSizeRel|x64.ActiveCfg = MinSizeRel|x64
		{50725E7C-0757-327C-B4D3-3CFC71F5D6D4}.MinSizeRel|x64.Build.0 = MinSizeRel|x64
		{50725E7C-0757-327C-B4D3-3CFC71F5D6D4}.RelWithDebInfo|x64.ActiveCfg = RelWithDebInfo|x64
		{50725E7C-0757-327C-B4D3-3CFC71F5D6D4}.RelWithDebInfo|x64.Build.0 = RelWithDebInfo|x64
		{03650BC5-8485-3250-98B2-DFF3E508B7D4}.Debug|x64.ActiveCfg = Debug|x64
		{03650BC5-8485-3250-98B2-DFF3E508B7D4}.Debug|x64.Build.0 = Debug|x64
		{03650BC5-8485-3250-98B2-DFF3E508B7D4}.Release|x64.ActiveCfg = Release|x64
		{03650BC5-8485-3250-98B2-DFF3E508B7D4}.Release|x64.Build.0 = Release|x64
		{03650BC5-8485-3250-98B2-DFF3E508B7D4}.MinSizeRel|x64.ActiveCfg = MinSizeRel|x64
		{03650BC5-8485-3250-98B2-DFF3E508B7D4}.MinSizeRel|x64.Build.0 = MinSizeRel|x64
		{03650BC5-8485-3250-98B2-DFF3E508B7D4}.RelWithDebInfo|x64.ActiveCfg = RelWithDebInfo|x64
		{03650BC5-8485-3250-98B2-DFF3E508B7D4}.RelWithDebInfo|x64.Build.0 = RelWithDebInfo|x64
		{C21C2D9B-75E2-3C16-BCC2-3918D58BF0BB}.Debug|x64.ActiveCfg = Debug|x64
		{C21C2D9B-75E2-3C16-BCC2-3918D58BF0BB}.Debug|x64.Build.0 = Debug|x64
		{C21C2D9B-75E2-3C16-BCC2-3918D58BF0BB}.Release|x64.ActiveCfg = Release|x64
		{C21C2D9B-75E2-3C16-BCC2-3918D58BF0BB}.Release|x64.Build.0 = Release|x64
		{C21C2D9B-75E2-3C16-BCC2-3918D58BF0BB}.MinSizeRel|x64.ActiveCfg = MinSizeRel|x64
		{C21C2D9B-75E2-3C16-BCC2-3918D58BF0BB}.MinSizeRel|x64.Build.0 = MinSizeRel|x64
		{C21C2D9B-75E2-3C16-BCC2-3918D58BF0BB}.RelWithDebInfo|x64.ActiveCfg = RelWithDebInfo|x64
		{C21C2D9B-75E2-3C16-BCC2-3918D58BF0BB}.RelWithDebInfo|x64.Build.0 = RelWithDebInfo|x64
		{0A67509B-7A73-3989-A5FB-2819BBE73346}.Debug|x64.ActiveCfg = Debug|x64
		{0A67509B-7A73-3989-A5FB-2819BBE73346}.Release|x64.ActiveCfg = Release|x64
		{0A67509B-7A73-3989-A5FB-2819BBE73346}.MinSizeRel|x64.ActiveCfg = MinSizeRel|x64
		{0A67509B-7A73-3989-A5FB-2819BBE73346}.RelWithDebInfo|x64.ActiveCfg = RelWithDebInfo|x64
		{1E3A5492-F5DB-3330-BA40-29AB1AA1C175}.Debug|x64.ActiveCfg = Debug|x64
		{1E3A5492-F5DB-3330-BA40-29AB1AA1C175}.Release|x64.ActiveCfg = Release|x64
		{1E3A5492-F5DB-3330-BA40-29AB1AA1C175}.MinSizeRel|x64.ActiveCfg = MinSizeRel|x64
		{1E3A5492-F5DB-3330-BA40-29AB1AA1C175}.RelWithDebInfo|x64.ActiveCfg = RelWithDebInfo|x64
		{10E13321-DE4A-3CA1-912F-293845049C99}.Debug|x64.ActiveCfg = Debug|x64
		{10E13321-DE4A-3CA1-912F-293845049C99}.Release|x64.ActiveCfg = Release|x64
		{10E13321-DE4A-3CA1-912F-293845049C99}.MinSizeRel|x64.ActiveCfg = MinSizeRel|x64
		{10E13321-DE4A-3CA1-912F-293845049C99}.RelWithDebInfo|x64.ActiveCfg = RelWithDebInfo|x64
		{1D39E6C7-E018-3D42-B7C4-6DF7DDF7C909}.Debug|x64.ActiveCfg = Debug|x64
		{1D39E6C7-E018-3D42-B7C4-6DF7DDF7C909}.Release|x64.ActiveCfg = Release|x64
		{1D39E6C7-E018-3D42-B7C4-6DF7DDF7C909}.MinSizeRel|x64.ActiveCfg = MinSizeRel|x64
		{1D39E6C7-E018-3D42-B7C4-6DF7DDF7C909}.RelWithDebInfo|x64.ActiveCfg = RelWithDebInfo|x64
		{06192B7E-D602-3359-8044-E7DB434662FD}.Debug|x64.ActiveCfg = Debug|x64
		{06192B7E-D602-3359-8044-E7DB434662FD}.Release|x64.ActiveCfg = Release|x64
		{06192B7E-D602-3359-8044-E7DB434662FD}.MinSizeRel|x64.ActiveCfg = MinSizeRel|x64
		{06192B7E-D602-3359-8044-E7DB434662FD}.RelWithDebInfo|x64.ActiveCfg = RelWithDebInfo|x64
		{98D46458-39FD-3337-84AF-DF0A986D8370}.Debug|x64.ActiveCfg = Debug|x64
		{98D46458-39FD-3337-84AF-DF0A986D8370}.Release|x64.ActiveCfg = Release|x64
		{98D46458-39FD-3337-84AF-DF0A986D8370}.MinSizeRel|x64.ActiveCfg = MinSizeRel|x64
		{98D46458-39FD-3337-84AF-DF0A986D8370}.RelWithDebInfo|x64.ActiveCfg = RelWithDebInfo|x64
		{CBEFB1BB-DFF2-3253-9509-A21CAAB8A746}.Debug|x64.ActiveCfg = Debug|x64
		{CBEFB1BB-DFF2-3253-9509-A21CAAB8A746}.Debug|x64.Build.0 = Debug|x64
		{CBEFB1BB-DFF2-3253-9509-A21CAAB8A746}.Release|x64.ActiveCfg = Release|x64
		{CBEFB1BB-DFF2-3253-9509-A21CAAB8A746}.Release|x64.Build.0 = Release|x64
		{CBEFB1BB-DFF2-3253-9509-A21CAAB8A746}.MinSizeRel|x64.ActiveCfg = MinSizeRel|x64
		{CBEFB1BB-DFF2-3253-9509-A21CAAB8A746}.MinSizeRel|x64.Build.0 = MinSizeRel|x64
		{CBEFB1BB-DFF2-3253-9509-A21CAAB8A746}.RelWithDebInfo|x64.ActiveCfg = RelWithDebInfo|x64
		{CBEFB1BB-DFF2-3253-9509-A21CAAB8A746}.RelWithDebInfo|x64.Build.0 = RelWithDebInfo|x64
		{CADD12B8-0D79-3913-8F93-77915A1E43DC}.Debug|x64.ActiveCfg = Debug|x64
		{CADD12B8-0D79-3913-8F93-77915A1E43DC}.Debug|x64.Build.0 = Debug|x64
		{CADD12B8-0D79-3913-8F93-77915A1E43DC}.Release|x64.ActiveCfg = Release|x64
		{CADD12B8-0D79-3913-8F93-77915A1E43DC}.Release|x64.Build.0 = Release|x64
		{CADD12B8-0D79-3913-8F93-77915A1E43DC}.MinSizeRel|x64.ActiveCfg = MinSizeRel|x64
		{CADD12B8-0D79-3913-8F93-77915A1E43DC}.MinSizeRel|x64.Build.0 = MinSizeRel|x64
		{CADD12B8-0D79-3913-8F93-77915A1E43DC}.RelWithDebInfo|x64.ActiveCfg = RelWithDebInfo|x64
		{CADD12B8-0D79-3913-8F93-77915A1E43DC}.RelWithDebInfo|x64.Build.0 = RelWithDebInfo|x64
		{1CC9C175-7C3F-366E-AF58-79CDF498FFB7}.Debug|x64.ActiveCfg = Debug|x64
		{1CC9C175-7C3F-366E-AF58-79CDF498FFB7}.Debug|x64.Build.0 = Debug|x64
		{1CC9C175-7C3F-366E-AF58-79CDF498FFB7}.Release|x64.ActiveCfg = Release|x64
		{1CC9C175-7C3F-366E-AF58-79CDF498FFB7}.Release|x64.Build.0 = Release|x64
		{1CC9C175-7C3F-366E-AF58-79CDF498FFB7}.MinSizeRel|x64.ActiveCfg = MinSizeRel|x64
		{1CC9C175-7C3F-366E-AF58-79CDF498FFB7}.MinSizeRel|x64.Build.0 = MinSizeRel|x64
		{1CC9C175-7C3F-366E-AF58-79CDF498FFB7}.RelWithDebInfo|x64.ActiveCfg = RelWithDebInfo|x64
		{1CC9C175-7C3F-366E-AF58-79CDF498FFB7}.RelWithDebInfo|x64.Build.0 = RelWithDebInfo|x64
		{19947837-79B5-3AF1-8687-4ED73270B44E}.Debug|x64.ActiveCfg = Debug|x64
		{19947837-79B5-3AF1-8687-4ED73270B44E}.Debug|x64.Build.0 = Debug|x64
		{19947837-79B5-3AF1-8687-4ED73270B44E}.Release|x64.ActiveCfg = Release|x64
		{19947837-79B5-3AF1-8687-4ED73270B44E}.Release|x64.Build.0 = Release|x64
		{19947837-79B5-3AF1-8687-4ED73270B44E}.MinSizeRel|x64.ActiveCfg = MinSizeRel|x64
		{19947837-79B5-3AF1-8687-4ED73270B44E}.MinSizeRel|x64.Build.0 = MinSizeRel|x64
		{19947837-79B5-3AF1-8687-4ED73270B44E}.RelWithDebInfo|x64.ActiveCfg = RelWithDebInfo|x64
		{19947837-79B5-3AF1-8687-4ED73270B44E}.RelWithDebInfo|x64.Build.0 = RelWithDebInfo|x64
		{2D15DE8B-515E-37FD-94FE-B8010CCA6A1B}.Debug|x64.ActiveCfg = Debug|x64
		{2D15DE8B-515E-37FD-94FE-B8010CCA6A1B}.Debug|x64.Build.0 = Debug|x64
		{2D15DE8B-515E-37FD-94FE-B8010CCA6A1B}.Release|x64.ActiveCfg = Release|x64
		{2D15DE8B-515E-37FD-94FE-B8010CCA6A1B}.Release|x64.Build.0 = Release|x64
		{2D15DE8B-515E-37FD-94FE-B8010CCA6A1B}.MinSizeRel|x64.ActiveCfg = MinSizeRel|x64
		{2D15DE8B-515E-37FD-94FE-B8010CCA6A1B}.MinSizeRel|x64.Build.0 = MinSizeRel|x64
		{2D15DE8B-515E-37FD-94FE-B8010CCA6A1B}.RelWithDebInfo|x64.ActiveCfg = RelWithDebInfo|x64
		{2D15DE8B-515E-37FD-94FE-B8010CCA6A1B}.RelWithDebInfo|x64.Build.0 = RelWithDebInfo|x64
		{0C733F28-7AD6-36DC-B4CD-89826ACDE7A5}.Debug|x64.ActiveCfg = Debug|x64
		{0C733F28-7AD6-36DC-B4CD-89826ACDE7A5}.Debug|x64.Build.0 = Debug|x64
		{0C733F28-7AD6-36DC-B4CD-89826ACDE7A5}.Release|x64.ActiveCfg = Release|x64
		{0C733F28-7AD6-36DC-B4CD-89826ACDE7A5}.Release|x64.Build.0 = Release|x64
		{0C733F28-7AD6-36DC-B4CD-89826ACDE7A5}.MinSizeRel|x64.ActiveCfg = MinSizeRel|x64
		{0C733F28-7AD6-36DC-B4CD-89826ACDE7A5}.MinSizeRel|x64.Build.0 = MinSizeRel|x64
		{0C733F28-7AD6-36DC-B4CD-89826ACDE7A5}.RelWithDebInfo|x64.ActiveCfg = RelWithDebInfo|x64
		{0C733F28-7AD6-36DC-B4CD-89826ACDE7A5}.RelWithDebInfo|x64.Build.0 = RelWithDebInfo|x64
		{57C29C99-BE97-334F-AE77-B285D1C62B11}.Debug|x64.ActiveCfg = Debug|x64
		{57C29C99-BE97-334F-AE77-B285D1C62B11}.Debug|x64.Build.0 = Debug|x64
		{57C29C99-BE97-334F-AE77-B285D1C62B11}.Release|x64.ActiveCfg = Release|x64
		{57C29C99-BE97-334F-AE77-B285D1C62B11}.Release|x64.Build.0 = Release|x64
		{57C29C99-BE97-334F-AE77-B285D1C62B11}.MinSizeRel|x64.ActiveCfg = MinSizeRel|x64
		{57C29C99-BE97-334F-AE77-B285D1C62B11}.MinSizeRel|x64.Build.0 = MinSizeRel|x64
		{57C29C99-BE97-334F-AE77-B285D1C62B11}.RelWithDebInfo|x64.ActiveCfg = RelWithDebInfo|x64
		{57C29C99-BE97-334F-AE77-B285D1C62B11}.RelWithDebInfo|x64.Build.0 = RelWithDebInfo|x64
		{43CA7F67-F81C-3756-BCA3-E063477CD9B4}.Debug|x64.ActiveCfg = Debug|x64
		{43CA7F67-F81C-3756-BCA3-E063477CD9B4}.Debug|x64.Build.0 = Debug|x64
		{43CA7F67-F81C-3756-BCA3-E063477CD9B4}.Release|x64.ActiveCfg = Release|x64
		{43CA7F67-F81C-3756-BCA3-E063477CD9B4}.Release|x64.Build.0 = Release|x64
		{43CA7F67-F81C-3756-BCA3-E063477CD9B4}.MinSizeRel|x64.ActiveCfg = MinSizeRel|x64
		{43CA7F67-F81C-3756-BCA3-E063477CD9B4}.MinSizeRel|x64.Build.0 = MinSizeRel|x64
		{43CA7F67-F81C-3756-BCA3-E063477CD9B4}.RelWithDebInfo|x64.ActiveCfg = RelWithDebInfo|x64
		{43CA7F67-F81C-3756-BCA3-E063477CD9B4}.RelWithDebInfo|x64.Build.0 = RelWithDebInfo|x64
		{A8E4CE06-B283-381F-8050-806D4F8C8690}.Debug|x64.ActiveCfg = Debug|x64
		{A8E4CE06-B283-381F-8050-806D4F8C8690}.Debug|x64.Build.0 = Debug|x64
		{A8E4CE06-B283-381F-8050-806D4F8C8690}.Release|x64.ActiveCfg = Release|x64
		{A8E4CE06-B283-381F-8050-806D4F8C8690}.Release|x64.Build.0 = Release|x64
		{A8E4CE06-B283-381F-8050-806D4F8C8690}.MinSizeRel|x64.ActiveCfg = MinSizeRel|x64
		{A8E4CE06-B283-381F-8050-806D4F8C8690}.MinSizeRel|x64.Build.0 = MinSizeRel|x64
		{A8E4CE06-B283-381F-8050-806D4F8C8690}.RelWithDebInfo|x64.ActiveCfg = RelWithDebInfo|x64
		{A8E4CE06-B283-381F-8050-806D4F8C8690}.RelWithDebInfo|x64.Build.0 = RelWithDebInfo|x64
		{AF908656-2A13-37E2-BB63-48B5C2A52013}.Debug|x64.ActiveCfg = Debug|x64
		{AF908656-2A13-37E2-BB63-48B5C2A52013}.Debug|x64.Build.0 = Debug|x64
		{AF908656-2A13-37E2-BB63-48B5C2A52013}.Release|x64.ActiveCfg = Release|x64
		{AF908656-2A13-37E2-BB63-48B5C2A52013}.Release|x64.Build.0 = Release|x64
		{AF908656-2A13-37E2-BB63-48B5C2A52013}.MinSizeRel|x64.ActiveCfg = MinSizeRel|x64
		{AF908656-2A13-37E2-BB63-48B5C2A52013}.MinSizeRel|x64.Build.0 = MinSizeRel|x64
		{AF908656-2A13-37E2-BB63-48B5C2A52013}.RelWithDebInfo|x64.ActiveCfg = RelWithDebInfo|x64
		{AF908656-2A13-37E2-BB63-48B5C2A52013}.RelWithDebInfo|x64.Build.0 = RelWithDebInfo|x64
		{CEBF609F-3282-3877-8B79-B6C635402377}.Debug|x64.ActiveCfg = Debug|x64
		{CEBF609F-3282-3877-8B79-B6C635402377}.Debug|x64.Build.0 = Debug|x64
		{CEBF609F-3282-3877-8B79-B6C635402377}.Release|x64.ActiveCfg = Release|x64
		{CEBF609F-3282-3877-8B79-B6C635402377}.Release|x64.Build.0 = Release|x64
		{CEBF609F-3282-3877-8B79-B6C635402377}.MinSizeRel|x64.ActiveCfg = MinSizeRel|x64
		{CEBF609F-3282-3877-8B79-B6C635402377}.MinSizeRel|x64.Build.0 = MinSizeRel|x64
		{CEBF609F-3282-3877-8B79-B6C635402377}.RelWithDebInfo|x64.ActiveCfg = RelWithDebInfo|x64
		{CEBF609F-3282-3877-8B79-B6C635402377}.RelWithDebInfo|x64.Build.0 = RelWithDebInfo|x64
		{001F0275-B435-305F-9AEA-F18983C3A54C}.Debug|x64.ActiveCfg = Debug|x64
		{001F0275-B435-305F-9AEA-F18983C3A54C}.Debug|x64.Build.0 = Debug|x64
		{001F0275-B435-305F-9AEA-F18983C3A54C}.Release|x64.ActiveCfg = Release|x64
		{001F0275-B435-305F-9AEA-F18983C3A54C}.Release|x64.Build.0 = Release|x64
		{001F0275-B435-305F-9AEA-F18983C3A54C}.MinSizeRel|x64.ActiveCfg = MinSizeRel|x64
		{001F0275-B435-305F-9AEA-F18983C3A54C}.MinSizeRel|x64.Build.0 = MinSizeRel|x64
		{001F0275-B435-305F-9AEA-F18983C3A54C}.RelWithDebInfo|x64.ActiveCfg = RelWithDebInfo|x64
		{001F0275-B435-305F-9AEA-F18983C3A54C}.RelWithDebInfo|x64.Build.0 = RelWithDebInfo|x64
		{F9061101-93B0-34DD-A19C-06F1F5A5BE41}.Debug|x64.ActiveCfg = Debug|x64
		{F9061101-93B0-34DD-A19C-06F1F5A5BE41}.Debug|x64.Build.0 = Debug|x64
		{F9061101-93B0-34DD-A19C-06F1F5A5BE41}.Release|x64.ActiveCfg = Release|x64
		{F9061101-93B0-34DD-A19C-06F1F5A5BE41}.Release|x64.Build.0 = Release|x64
		{F9061101-93B0-34DD-A19C-06F1F5A5BE41}.MinSizeRel|x64.ActiveCfg = MinSizeRel|x64
		{F9061101-93B0-34DD-A19C-06F1F5A5BE41}.MinSizeRel|x64.Build.0 = MinSizeRel|x64
		{F9061101-93B0-34DD-A19C-06F1F5A5BE41}.RelWithDebInfo|x64.ActiveCfg = RelWithDebInfo|x64
		{F9061101-93B0-34DD-A19C-06F1F5A5BE41}.RelWithDebInfo|x64.Build.0 = RelWithDebInfo|x64
		{84C6BB61-F30C-319B-88EA-76270D47443B}.Debug|x64.ActiveCfg = Debug|x64
		{84C6BB61-F30C-319B-88EA-76270D47443B}.Debug|x64.Build.0 = Debug|x64
		{84C6BB61-F30C-319B-88EA-76270D47443B}.Release|x64.ActiveCfg = Release|x64
		{84C6BB61-F30C-319B-88EA-76270D47443B}.Release|x64.Build.0 = Release|x64
		{84C6BB61-F30C-319B-88EA-76270D47443B}.MinSizeRel|x64.ActiveCfg = MinSizeRel|x64
		{84C6BB61-F30C-319B-88EA-76270D47443B}.MinSizeRel|x64.Build.0 = MinSizeRel|x64
		{84C6BB61-F30C-319B-88EA-76270D47443B}.RelWithDebInfo|x64.ActiveCfg = RelWithDebInfo|x64
		{84C6BB61-F30C-319B-88EA-76270D47443B}.RelWithDebInfo|x64.Build.0 = RelWithDebInfo|x64
		{EB2F8F97-DBF0-3676-A651-D7E9299C58AA}.Debug|x64.ActiveCfg = Debug|x64
		{EB2F8F97-DBF0-3676-A651-D7E9299C58AA}.Debug|x64.Build.0 = Debug|x64
		{EB2F8F97-DBF0-3676-A651-D7E9299C58AA}.Release|x64.ActiveCfg = Release|x64
		{EB2F8F97-DBF0-3676-A651-D7E9299C58AA}.Release|x64.Build.0 = Release|x64
		{EB2F8F97-DBF0-3676-A651-D7E9299C58AA}.MinSizeRel|x64.ActiveCfg = MinSizeRel|x64
		{EB2F8F97-DBF0-3676-A651-D7E9299C58AA}.MinSizeRel|x64.Build.0 = MinSizeRel|x64
		{EB2F8F97-DBF0-3676-A651-D7E9299C58AA}.RelWithDebInfo|x64.ActiveCfg = RelWithDebInfo|x64
		{EB2F8F97-DBF0-3676-A651-D7E9299C58AA}.RelWithDebInfo|x64.Build.0 = RelWithDebInfo|x64
	EndGlobalSection
	GlobalSection(ExtensibilityGlobals) = postSolution
		SolutionGuid = {3BBD852E-FBCE-3B42-AAA5-576928270EA5}
	EndGlobalSection
	GlobalSection(ExtensibilityAddIns) = postSolution
	EndGlobalSection
EndGlobal
